
Microsoft Visual Studio Solution File, Format Version 12.00
# Visual Studio Version 17
VisualStudioVersion = 17.6.33815.320
MinimumVisualStudioVersion = 10.0.40219.1
Project("{8BC9CEB8-8B4A-11D0-8D11-00A0C91BC942}") = "Online Voting System", "Online Voting System.vcxproj", "{7011FDA9-658C-41D7-960B-830FE7898BAB}"
EndProject
Project("{911E67C6-3D85-4FCE-B560-20A9C3E3FF48}") = "main", "..\Phone directory project\main.exe", "{B5384683-66F4-4BDE-9CDF-52A0720CC6C5}"
	ProjectSection(DebuggerProjectSystem) = preProject
		PortSupplier = 00000000-0000-0000-0000-000000000000
		Executable = D:\UNI  DOC's\3rd   Semester\DSA\Phone directory project\main.exe
		RemoteMachine = KING
		StartingDirectory = D:\UNI  DOC's\3rd   Semester\DSA\Phone directory project
		Environment = Default
		LaunchingEngine = 00000000-0000-0000-0000-000000000000
		UseLegacyDebugEngines = No
		LaunchSQLEngine = No
		AttachLaunchAction = No
		IORedirection = Auto
	EndProjectSection
EndProject
Global
	GlobalSection(SolutionConfigurationPlatforms) = preSolution
		Debug|x64 = Debug|x64
		Debug|x86 = Debug|x86
		Release|x64 = Release|x64
		Release|x86 = Release|x86
	EndGlobalSection
	GlobalSection(ProjectConfigurationPlatforms) = postSolution
		{7011FDA9-658C-41D7-960B-830FE7898BAB}.Debug|x64.ActiveCfg = Debug|x64
		{7011FDA9-658C-41D7-960B-830FE7898BAB}.Debug|x64.Build.0 = Debug|x64
		{7011FDA9-658C-41D7-960B-830FE7898BAB}.Debug|x86.ActiveCfg = Debug|Win32
		{7011FDA9-658C-41D7-960B-830FE7898BAB}.Debug|x86.Build.0 = Debug|Win32
		{7011FDA9-658C-41D7-960B-830FE7898BAB}.Release|x64.ActiveCfg = Release|x64
		{7011FDA9-658C-41D7-960B-830FE7898BAB}.Release|x64.Build.0 = Release|x64
		{7011FDA9-658C-41D7-960B-830FE7898BAB}.Release|x86.ActiveCfg = Release|Win32
		{7011FDA9-658C-41D7-960B-830FE7898BAB}.Release|x86.Build.0 = Release|Win32
		{B5384683-66F4-4BDE-9CDF-52A0720CC6C5}.Debug|x64.ActiveCfg = Release|x64
		{B5384683-66F4-4BDE-9CDF-52A0720CC6C5}.Debug|x86.ActiveCfg = Release|x64
		{B5384683-66F4-4BDE-9CDF-52A0720CC6C5}.Release|x64.ActiveCfg = Release|x64
		{B5384683-66F4-4BDE-9CDF-52A0720CC6C5}.Release|x86.ActiveCfg = Release|x64
	EndGlobalSection
	GlobalSection(SolutionProperties) = preSolution
		HideSolutionNode = FALSE
	EndGlobalSection
	GlobalSection(ExtensibilityGlobals) = postSolution
		SolutionGuid = {8CCBDBBD-2034-4177-9FB5-3A694528B502}
	EndGlobalSection
EndGlobal
